
Microsoft Visual Studio Solution File, Format Version 12.00
# Visual Studio 15
VisualStudioVersion = 15.0.26730.16
MinimumVisualStudioVersion = 10.0.40219.1
Project("{FAE04EC0-301F-11D3-BF4B-00C04F79EFBC}") = "MyBucks.Core.MessageQueue", "MyBucks.Core.MessageQueue\MyBucks.Core.MessageQueue.csproj", "{69714DBB-53EF-440E-9FB0-0E10DF9E6FDE}"
EndProject
Project("{FAE04EC0-301F-11D3-BF4B-00C04F79EFBC}") = "ConsumerTest", "ConsumerTest\ConsumerTest.csproj", "{427014C7-C9F1-4792-A257-9C2996A102F9}"
EndProject
Project("{FAE04EC0-301F-11D3-BF4B-00C04F79EFBC}") = "ProducerTest", "ProducerTest\ProducerTest.csproj", "{207D5470-1B56-444D-A3AA-36B74B1073C1}"
EndProject
Global
	GlobalSection(SolutionConfigurationPlatforms) = preSolution
		Debug|Any CPU = Debug|Any CPU
		Release|Any CPU = Release|Any CPU
	EndGlobalSection
	GlobalSection(ProjectConfigurationPlatforms) = postSolution
		{69714DBB-53EF-440E-9FB0-0E10DF9E6FDE}.Debug|Any CPU.ActiveCfg = Debug|Any CPU
		{69714DBB-53EF-440E-9FB0-0E10DF9E6FDE}.Debug|Any CPU.Build.0 = Debug|Any CPU
		{69714DBB-53EF-440E-9FB0-0E10DF9E6FDE}.Release|Any CPU.ActiveCfg = Release|Any CPU
		{69714DBB-53EF-440E-9FB0-0E10DF9E6FDE}.Release|Any CPU.Build.0 = Release|Any CPU
		{427014C7-C9F1-4792-A257-9C2996A102F9}.Debug|Any CPU.ActiveCfg = Debug|Any CPU
		{427014C7-C9F1-4792-A257-9C2996A102F9}.Debug|Any CPU.Build.0 = Debug|Any CPU
		{427014C7-C9F1-4792-A257-9C2996A102F9}.Release|Any CPU.ActiveCfg = Release|Any CPU
		{427014C7-C9F1-4792-A257-9C2996A102F9}.Release|Any CPU.Build.0 = Release|Any CPU
		{207D5470-1B56-444D-A3AA-36B74B1073C1}.Debug|Any CPU.ActiveCfg = Debug|Any CPU
		{207D5470-1B56-444D-A3AA-36B74B1073C1}.Debug|Any CPU.Build.0 = Debug|Any CPU
		{207D5470-1B56-444D-A3AA-36B74B1073C1}.Release|Any CPU.ActiveCfg = Release|Any CPU
		{207D5470-1B56-444D-A3AA-36B74B1073C1}.Release|Any CPU.Build.0 = Release|Any CPU
	EndGlobalSection
	GlobalSection(SolutionProperties) = preSolution
		HideSolutionNode = FALSE
	EndGlobalSection
	GlobalSection(ExtensibilityGlobals) = postSolution
		SolutionGuid = {FF6072A1-ED91-4262-8A06-967DB3B273A8}
	EndGlobalSection
EndGlobal
